
Microsoft Visual Studio Solution File, Format Version 12.00
# Visual Studio Version 17
VisualStudioVersion = 17.0.31903.59
MinimumVisualStudioVersion = 10.0.40219.1
Project("{2150E333-8FDC-42A3-9474-1A3956D46DE8}") = "src", "src", "{FC7A14C0-7678-4B06-9CB0-B704163F97E1}"
EndProject
Project("{FAE04EC0-301F-11D3-BF4B-00C04F79EFBC}") = "pw1", "src\pw1\pw1.csproj", "{700F30BD-FBE4-4FAF-9BBB-5D5B929F03BA}"
EndProject
Global
	GlobalSection(SolutionConfigurationPlatforms) = preSolution
		Debug|Any CPU = Debug|Any CPU
		Release|Any CPU = Release|Any CPU
	EndGlobalSection
	GlobalSection(SolutionProperties) = preSolution
		HideSolutionNode = FALSE
	EndGlobalSection
	GlobalSection(ProjectConfigurationPlatforms) = postSolution
		{700F30BD-FBE4-4FAF-9BBB-5D5B929F03BA}.Debug|Any CPU.ActiveCfg = Debug|Any CPU
		{700F30BD-FBE4-4FAF-9BBB-5D5B929F03BA}.Debug|Any CPU.Build.0 = Debug|Any CPU
		{700F30BD-FBE4-4FAF-9BBB-5D5B929F03BA}.Release|Any CPU.ActiveCfg = Release|Any CPU
		{700F30BD-FBE4-4FAF-9BBB-5D5B929F03BA}.Release|Any CPU.Build.0 = Release|Any CPU
	EndGlobalSection
	GlobalSection(NestedProjects) = preSolution
		{700F30BD-FBE4-4FAF-9BBB-5D5B929F03BA} = {FC7A14C0-7678-4B06-9CB0-B704163F97E1}
	EndGlobalSection
EndGlobal
